// !$*UTF8*$!
{
	archiveVersion = 1;
	classes = {
	};
	objectVersion = 56;
	objects = {

/* Begin PBXBuildFile section */
		EA2817822C71F99F0043A95D /* Environtment_Object_ExampleApp.swift in Sources */ = {isa = PBXBuildFile; fileRef = EA2817812C71F99F0043A95D /* Environtment_Object_ExampleApp.swift */; };
		EA2817842C71F99F0043A95D /* ContentView.swift in Sources */ = {isa = PBXBuildFile; fileRef = EA2817832C71F99F0043A95D /* ContentView.swift */; };
		EA2817882C71F9A00043A95D /* Assets.xcassets in Resources */ = {isa = PBXBuildFile; fileRef = EA2817872C71F9A00043A95D /* Assets.xcassets */; };
		EA28178C2C71F9A00043A95D /* Preview Assets.xcassets in Resources */ = {isa = PBXBuildFile; fileRef = EA28178B2C71F9A00043A95D /* Preview Assets.xcassets */; };
		EA2817962C71F9A00043A95D /* Environtment_Object_ExampleTests.swift in Sources */ = {isa = PBXBuildFile; fileRef = EA2817952C71F9A00043A95D /* Environtment_Object_ExampleTests.swift */; };
		EA2817A02C71F9A10043A95D /* Environtment_Object_ExampleUITests.swift in Sources */ = {isa = PBXBuildFile; fileRef = EA28179F2C71F9A10043A95D /* Environtment_Object_ExampleUITests.swift */; };
		EA2817A22C71F9A10043A95D /* Environtment_Object_ExampleUITestsLaunchTests.swift in Sources */ = {isa = PBXBuildFile; fileRef = EA2817A12C71F9A10043A95D /* Environtment_Object_ExampleUITestsLaunchTests.swift */; };
		EA2817AF2C71FA080043A95D /* GameSettings.swift in Sources */ = {isa = PBXBuildFile; fileRef = EA2817AE2C71FA080043A95D /* GameSettings.swift */; };
		EA2817B12C71FA2C0043A95D /* ScoreView.swift in Sources */ = {isa = PBXBuildFile; fileRef = EA2817B02C71FA2C0043A95D /* ScoreView.swift */; };
/* End PBXBuildFile section */

/* Begin PBXContainerItemProxy section */
		EA2817922C71F9A00043A95D /* PBXContainerItemProxy */ = {
			isa = PBXContainerItemProxy;
			containerPortal = EA2817762C71F99E0043A95D /* Project object */;
			proxyType = 1;
			remoteGlobalIDString = EA28177D2C71F99F0043A95D;
			remoteInfo = "Environtment-Object-Example";
		};
		EA28179C2C71F9A10043A95D /* PBXContainerItemProxy */ = {
			isa = PBXContainerItemProxy;
			containerPortal = EA2817762C71F99E0043A95D /* Project object */;
			proxyType = 1;
			remoteGlobalIDString = EA28177D2C71F99F0043A95D;
			remoteInfo = "Environtment-Object-Example";
		};
/* End PBXContainerItemProxy section */

/* Begin PBXFileReference section */
		EA28177E2C71F99F0043A95D /* Environtment-Object-Example.app */ = {isa = PBXFileReference; explicitFileType = wrapper.application; includeInIndex = 0; path = "Environtment-Object-Example.app"; sourceTree = BUILT_PRODUCTS_DIR; };
		EA2817812C71F99F0043A95D /* Environtment_Object_ExampleApp.swift */ = {isa = PBXFileReference; lastKnownFileType = sourcecode.swift; path = Environtment_Object_ExampleApp.swift; sourceTree = "<group>"; };
		EA2817832C71F99F0043A95D /* ContentView.swift */ = {isa = PBXFileReference; lastKnownFileType = sourcecode.swift; path = ContentView.swift; sourceTree = "<group>"; };
		EA2817872C71F9A00043A95D /* Assets.xcassets */ = {isa = PBXFileReference; lastKnownFileType = folder.assetcatalog; path = Assets.xcassets; sourceTree = "<group>"; };
		EA2817892C71F9A00043A95D /* Environtment_Object_Example.entitlements */ = {isa = PBXFileReference; lastKnownFileType = text.plist.entitlements; path = Environtment_Object_Example.entitlements; sourceTree = "<group>"; };
		EA28178B2C71F9A00043A95D /* Preview Assets.xcassets */ = {isa = PBXFileReference; lastKnownFileType = folder.assetcatalog; path = "Preview Assets.xcassets"; sourceTree = "<group>"; };
		EA2817912C71F9A00043A95D /* Environtment-Object-ExampleTests.xctest */ = {isa = PBXFileReference; explicitFileType = wrapper.cfbundle; includeInIndex = 0; path = "Environtment-Object-ExampleTests.xctest"; sourceTree = BUILT_PRODUCTS_DIR; };
		EA2817952C71F9A00043A95D /* Environtment_Object_ExampleTests.swift */ = {isa = PBXFileReference; lastKnownFileType = sourcecode.swift; path = Environtment_Object_ExampleTests.swift; sourceTree = "<group>"; };
		EA28179B2C71F9A10043A95D /* Environtment-Object-ExampleUITests.xctest */ = {isa = PBXFileReference; explicitFileType = wrapper.cfbundle; includeInIndex = 0; path = "Environtment-Object-ExampleUITests.xctest"; sourceTree = BUILT_PRODUCTS_DIR; };
		EA28179F2C71F9A10043A95D /* Environtment_Object_ExampleUITests.swift */ = {isa = PBXFileReference; lastKnownFileType = sourcecode.swift; path = Environtment_Object_ExampleUITests.swift; sourceTree = "<group>"; };
		EA2817A12C71F9A10043A95D /* Environtment_Object_ExampleUITestsLaunchTests.swift */ = {isa = PBXFileReference; lastKnownFileType = sourcecode.swift; path = Environtment_Object_ExampleUITestsLaunchTests.swift; sourceTree = "<group>"; };
		EA2817AE2C71FA080043A95D /* GameSettings.swift */ = {isa = PBXFileReference; lastKnownFileType = sourcecode.swift; path = GameSettings.swift; sourceTree = "<group>"; };
		EA2817B02C71FA2C0043A95D /* ScoreView.swift */ = {isa = PBXFileReference; lastKnownFileType = sourcecode.swift; path = ScoreView.swift; sourceTree = "<group>"; };
/* End PBXFileReference section */

/* Begin PBXFrameworksBuildPhase section */
		EA28177B2C71F99F0043A95D /* Frameworks */ = {
			isa = PBXFrameworksBuildPhase;
			buildActionMask = 2147483647;
			files = (
			);
			runOnlyForDeploymentPostprocessing = 0;
		};
		EA28178E2C71F9A00043A95D /* Frameworks */ = {
			isa = PBXFrameworksBuildPhase;
			buildActionMask = 2147483647;
			files = (
			);
			runOnlyForDeploymentPostprocessing = 0;
		};
		EA2817982C71F9A10043A95D /* Frameworks */ = {
			isa = PBXFrameworksBuildPhase;
			buildActionMask = 2147483647;
			files = (
			);
			runOnlyForDeploymentPostprocessing = 0;
		};
/* End PBXFrameworksBuildPhase section */

/* Begin PBXGroup section */
		EA2817752C71F99E0043A95D = {
			isa = PBXGroup;
			children = (
				EA2817802C71F99F0043A95D /* Environtment-Object-Example */,
				EA2817942C71F9A00043A95D /* Environtment-Object-ExampleTests */,
				EA28179E2C71F9A10043A95D /* Environtment-Object-ExampleUITests */,
				EA28177F2C71F99F0043A95D /* Products */,
			);
			sourceTree = "<group>";
		};
		EA28177F2C71F99F0043A95D /* Products */ = {
			isa = PBXGroup;
			children = (
				EA28177E2C71F99F0043A95D /* Environtment-Object-Example.app */,
				EA2817912C71F9A00043A95D /* Environtment-Object-ExampleTests.xctest */,
				EA28179B2C71F9A10043A95D /* Environtment-Object-ExampleUITests.xctest */,
			);
			name = Products;
			sourceTree = "<group>";
		};
		EA2817802C71F99F0043A95D /* Environtment-Object-Example */ = {
			isa = PBXGroup;
			children = (
				EA2817812C71F99F0043A95D /* Environtment_Object_ExampleApp.swift */,
				EA2817832C71F99F0043A95D /* ContentView.swift */,
				EA2817AE2C71FA080043A95D /* GameSettings.swift */,
				EA2817B02C71FA2C0043A95D /* ScoreView.swift */,
				EA2817872C71F9A00043A95D /* Assets.xcassets */,
				EA2817892C71F9A00043A95D /* Environtment_Object_Example.entitlements */,
				EA28178A2C71F9A00043A95D /* Preview Content */,
			);
			path = "Environtment-Object-Example";
			sourceTree = "<group>";
		};
		EA28178A2C71F9A00043A95D /* Preview Content */ = {
			isa = PBXGroup;
			children = (
				EA28178B2C71F9A00043A95D /* Preview Assets.xcassets */,
			);
			path = "Preview Content";
			sourceTree = "<group>";
		};
		EA2817942C71F9A00043A95D /* Environtment-Object-ExampleTests */ = {
			isa = PBXGroup;
			children = (
				EA2817952C71F9A00043A95D /* Environtment_Object_ExampleTests.swift */,
			);
			path = "Environtment-Object-ExampleTests";
			sourceTree = "<group>";
		};
		EA28179E2C71F9A10043A95D /* Environtment-Object-ExampleUITests */ = {
			isa = PBXGroup;
			children = (
				EA28179F2C71F9A10043A95D /* Environtment_Object_ExampleUITests.swift */,
				EA2817A12C71F9A10043A95D /* Environtment_Object_ExampleUITestsLaunchTests.swift */,
			);
			path = "Environtment-Object-ExampleUITests";
			sourceTree = "<group>";
		};
/* End PBXGroup section */

/* Begin PBXNativeTarget section */
		EA28177D2C71F99F0043A95D /* Environtment-Object-Example */ = {
			isa = PBXNativeTarget;
			buildConfigurationList = EA2817A52C71F9A10043A95D /* Build configuration list for PBXNativeTarget "Environtment-Object-Example" */;
			buildPhases = (
				EA28177A2C71F99F0043A95D /* Sources */,
				EA28177B2C71F99F0043A95D /* Frameworks */,
				EA28177C2C71F99F0043A95D /* Resources */,
			);
			buildRules = (
			);
			dependencies = (
			);
			name = "Environtment-Object-Example";
			productName = "Environtment-Object-Example";
			productReference = EA28177E2C71F99F0043A95D /* Environtment-Object-Example.app */;
			productType = "com.apple.product-type.application";
		};
		EA2817902C71F9A00043A95D /* Environtment-Object-ExampleTests */ = {
			isa = PBXNativeTarget;
			buildConfigurationList = EA2817A82C71F9A10043A95D /* Build configuration list for PBXNativeTarget "Environtment-Object-ExampleTests" */;
			buildPhases = (
				EA28178D2C71F9A00043A95D /* Sources */,
				EA28178E2C71F9A00043A95D /* Frameworks */,
				EA28178F2C71F9A00043A95D /* Resources */,
			);
			buildRules = (
			);
			dependencies = (
				EA2817932C71F9A00043A95D /* PBXTargetDependency */,
			);
			name = "Environtment-Object-ExampleTests";
			productName = "Environtment-Object-ExampleTests";
			productReference = EA2817912C71F9A00043A95D /* Environtment-Object-ExampleTests.xctest */;
			productType = "com.apple.product-type.bundle.unit-test";
		};
		EA28179A2C71F9A10043A95D /* Environtment-Object-ExampleUITests */ = {
			isa = PBXNativeTarget;
			buildConfigurationList = EA2817AB2C71F9A10043A95D /* Build configuration list for PBXNativeTarget "Environtment-Object-ExampleUITests" */;
			buildPhases = (
				EA2817972C71F9A10043A95D /* Sources */,
				EA2817982C71F9A10043A95D /* Frameworks */,
				EA2817992C71F9A10043A95D /* Resources */,
			);
			buildRules = (
			);
			dependencies = (
				EA28179D2C71F9A10043A95D /* PBXTargetDependency */,
			);
			name = "Environtment-Object-ExampleUITests";
			productName = "Environtment-Object-ExampleUITests";
			productReference = EA28179B2C71F9A10043A95D /* Environtment-Object-ExampleUITests.xctest */;
			productType = "com.apple.product-type.bundle.ui-testing";
		};
/* End PBXNativeTarget section */

/* Begin PBXProject section */
		EA2817762C71F99E0043A95D /* Project object */ = {
			isa = PBXProject;
			attributes = {
				BuildIndependentTargetsInParallel = 1;
				LastSwiftUpdateCheck = 1500;
				LastUpgradeCheck = 1500;
				TargetAttributes = {
					EA28177D2C71F99F0043A95D = {
						CreatedOnToolsVersion = 15.0.1;
					};
					EA2817902C71F9A00043A95D = {
						CreatedOnToolsVersion = 15.0.1;
						TestTargetID = EA28177D2C71F99F0043A95D;
					};
					EA28179A2C71F9A10043A95D = {
						CreatedOnToolsVersion = 15.0.1;
						TestTargetID = EA28177D2C71F99F0043A95D;
					};
				};
			};
			buildConfigurationList = EA2817792C71F99E0043A95D /* Build configuration list for PBXProject "Environtment-Object-Example" */;
			compatibilityVersion = "Xcode 14.0";
			developmentRegion = en;
			hasScannedForEncodings = 0;
			knownRegions = (
				en,
				Base,
			);
			mainGroup = EA2817752C71F99E0043A95D;
			productRefGroup = EA28177F2C71F99F0043A95D /* Products */;
			projectDirPath = "";
			projectRoot = "";
			targets = (
				EA28177D2C71F99F0043A95D /* Environtment-Object-Example */,
				EA2817902C71F9A00043A95D /* Environtment-Object-ExampleTests */,
				EA28179A2C71F9A10043A95D /* Environtment-Object-ExampleUITests */,
			);
		};
/* End PBXProject section */

/* Begin PBXResourcesBuildPhase section */
		EA28177C2C71F99F0043A95D /* Resources */ = {
			isa = PBXResourcesBuildPhase;
			buildActionMask = 2147483647;
			files = (
				EA28178C2C71F9A00043A95D /* Preview Assets.xcassets in Resources */,
				EA2817882C71F9A00043A95D /* Assets.xcassets in Resources */,
			);
			runOnlyForDeploymentPostprocessing = 0;
		};
		EA28178F2C71F9A00043A95D /* Resources */ = {
			isa = PBXResourcesBuildPhase;
			buildActionMask = 2147483647;
			files = (
			);
			runOnlyForDeploymentPostprocessing = 0;
		};
		EA2817992C71F9A10043A95D /* Resources */ = {
			isa = PBXResourcesBuildPhase;
			buildActionMask = 2147483647;
			files = (
			);
			runOnlyForDeploymentPostprocessing = 0;
		};
/* End PBXResourcesBuildPhase section */

/* Begin PBXSourcesBuildPhase section */
		EA28177A2C71F99F0043A95D /* Sources */ = {
			isa = PBXSourcesBuildPhase;
			buildActionMask = 2147483647;
			files = (
				EA2817AF2C71FA080043A95D /* GameSettings.swift in Sources */,
				EA2817842C71F99F0043A95D /* ContentView.swift in Sources */,
				EA2817822C71F99F0043A95D /* Environtment_Object_ExampleApp.swift in Sources */,
				EA2817B12C71FA2C0043A95D /* ScoreView.swift in Sources */,
			);
			runOnlyForDeploymentPostprocessing = 0;
		};
		EA28178D2C71F9A00043A95D /* Sources */ = {
			isa = PBXSourcesBuildPhase;
			buildActionMask = 2147483647;
			files = (
				EA2817962C71F9A00043A95D /* Environtment_Object_ExampleTests.swift in Sources */,
			);
			runOnlyForDeploymentPostprocessing = 0;
		};
		EA2817972C71F9A10043A95D /* Sources */ = {
			isa = PBXSourcesBuildPhase;
			buildActionMask = 2147483647;
			files = (
				EA2817A02C71F9A10043A95D /* Environtment_Object_ExampleUITests.swift in Sources */,
				EA2817A22C71F9A10043A95D /* Environtment_Object_ExampleUITestsLaunchTests.swift in Sources */,
			);
			runOnlyForDeploymentPostprocessing = 0;
		};
/* End PBXSourcesBuildPhase section */

/* Begin PBXTargetDependency section */
		EA2817932C71F9A00043A95D /* PBXTargetDependency */ = {
			isa = PBXTargetDependency;
			target = EA28177D2C71F99F0043A95D /* Environtment-Object-Example */;
			targetProxy = EA2817922C71F9A00043A95D /* PBXContainerItemProxy */;
		};
		EA28179D2C71F9A10043A95D /* PBXTargetDependency */ = {
			isa = PBXTargetDependency;
			target = EA28177D2C71F99F0043A95D /* Environtment-Object-Example */;
			targetProxy = EA28179C2C71F9A10043A95D /* PBXContainerItemProxy */;
		};
/* End PBXTargetDependency section */

/* Begin XCBuildConfiguration section */
		EA2817A32C71F9A10043A95D /* Debug */ = {
			isa = XCBuildConfiguration;
			buildSettings = {
				ALWAYS_SEARCH_USER_PATHS = NO;
				ASSETCATALOG_COMPILER_GENERATE_SWIFT_ASSET_SYMBOL_EXTENSIONS = YES;
				CLANG_ANALYZER_NONNULL = YES;
				CLANG_ANALYZER_NUMBER_OBJECT_CONVERSION = YES_AGGRESSIVE;
				CLANG_CXX_LANGUAGE_STANDARD = "gnu++20";
				CLANG_ENABLE_MODULES = YES;
				CLANG_ENABLE_OBJC_ARC = YES;
				CLANG_ENABLE_OBJC_WEAK = YES;
				CLANG_WARN_BLOCK_CAPTURE_AUTORELEASING = YES;
				CLANG_WARN_BOOL_CONVERSION = YES;
				CLANG_WARN_COMMA = YES;
				CLANG_WARN_CONSTANT_CONVERSION = YES;
				CLANG_WARN_DEPRECATED_OBJC_IMPLEMENTATIONS = YES;
				CLANG_WARN_DIRECT_OBJC_ISA_USAGE = YES_ERROR;
				CLANG_WARN_DOCUMENTATION_COMMENTS = YES;
				CLANG_WARN_EMPTY_BODY = YES;
				CLANG_WARN_ENUM_CONVERSION = YES;
				CLANG_WARN_INFINITE_RECURSION = YES;
				CLANG_WARN_INT_CONVERSION = YES;
				CLANG_WARN_NON_LITERAL_NULL_CONVERSION = YES;
				CLANG_WARN_OBJC_IMPLICIT_RETAIN_SELF = YES;
				CLANG_WARN_OBJC_LITERAL_CONVERSION = YES;
				CLANG_WARN_OBJC_ROOT_CLASS = YES_ERROR;
				CLANG_WARN_QUOTED_INCLUDE_IN_FRAMEWORK_HEADER = YES;
				CLANG_WARN_RANGE_LOOP_ANALYSIS = YES;
				CLANG_WARN_STRICT_PROTOTYPES = YES;
				CLANG_WARN_SUSPICIOUS_MOVE = YES;
				CLANG_WARN_UNGUARDED_AVAILABILITY = YES_AGGRESSIVE;
				CLANG_WARN_UNREACHABLE_CODE = YES;
				CLANG_WARN__DUPLICATE_METHOD_MATCH = YES;
				COPY_PHASE_STRIP = NO;
				DEBUG_INFORMATION_FORMAT = dwarf;
				ENABLE_STRICT_OBJC_MSGSEND = YES;
				ENABLE_TESTABILITY = YES;
				ENABLE_USER_SCRIPT_SANDBOXING = YES;
				GCC_C_LANGUAGE_STANDARD = gnu17;
				GCC_DYNAMIC_NO_PIC = NO;
				GCC_NO_COMMON_BLOCKS = YES;
				GCC_OPTIMIZATION_LEVEL = 0;
				GCC_PREPROCESSOR_DEFINITIONS = (
					"DEBUG=1",
					"$(inherited)",
				);
				GCC_WARN_64_TO_32_BIT_CONVERSION = YES;
				GCC_WARN_ABOUT_RETURN_TYPE = YES_ERROR;
				GCC_WARN_UNDECLARED_SELECTOR = YES;
				GCC_WARN_UNINITIALIZED_AUTOS = YES_AGGRESSIVE;
				GCC_WARN_UNUSED_FUNCTION = YES;
				GCC_WARN_UNUSED_VARIABLE = YES;
				LOCALIZATION_PREFERS_STRING_CATALOGS = YES;
				MTL_ENABLE_DEBUG_INFO = INCLUDE_SOURCE;
				MTL_FAST_MATH = YES;
				ONLY_ACTIVE_ARCH = YES;
				SWIFT_ACTIVE_COMPILATION_CONDITIONS = "DEBUG $(inherited)";
				SWIFT_OPTIMIZATION_LEVEL = "-Onone";
			};
			name = Debug;
		};
		EA2817A42C71F9A10043A95D /* Release */ = {
			isa = XCBuildConfiguration;
			buildSettings = {
				ALWAYS_SEARCH_USER_PATHS = NO;
				ASSETCATALOG_COMPILER_GENERATE_SWIFT_ASSET_SYMBOL_EXTENSIONS = YES;
				CLANG_ANALYZER_NONNULL = YES;
				CLANG_ANALYZER_NUMBER_OBJECT_CONVERSION = YES_AGGRESSIVE;
				CLANG_CXX_LANGUAGE_STANDARD = "gnu++20";
				CLANG_ENABLE_MODULES = YES;
				CLANG_ENABLE_OBJC_ARC = YES;
				CLANG_ENABLE_OBJC_WEAK = YES;
				CLANG_WARN_BLOCK_CAPTURE_AUTORELEASING = YES;
				CLANG_WARN_BOOL_CONVERSION = YES;
				CLANG_WARN_COMMA = YES;
				CLANG_WARN_CONSTANT_CONVERSION = YES;
				CLANG_WARN_DEPRECATED_OBJC_IMPLEMENTATIONS = YES;
				CLANG_WARN_DIRECT_OBJC_ISA_USAGE = YES_ERROR;
				CLANG_WARN_DOCUMENTATION_COMMENTS = YES;
				CLANG_WARN_EMPTY_BODY = YES;
				CLANG_WARN_ENUM_CONVERSION = YES;
				CLANG_WARN_INFINITE_RECURSION = YES;
				CLANG_WARN_INT_CONVERSION = YES;
				CLANG_WARN_NON_LITERAL_NULL_CONVERSION = YES;
				CLANG_WARN_OBJC_IMPLICIT_RETAIN_SELF = YES;
				CLANG_WARN_OBJC_LITERAL_CONVERSION = YES;
				CLANG_WARN_OBJC_ROOT_CLASS = YES_ERROR;
				CLANG_WARN_QUOTED_INCLUDE_IN_FRAMEWORK_HEADER = YES;
				CLANG_WARN_RANGE_LOOP_ANALYSIS = YES;
				CLANG_WARN_STRICT_PROTOTYPES = YES;
				CLANG_WARN_SUSPICIOUS_MOVE = YES;
				CLANG_WARN_UNGUARDED_AVAILABILITY = YES_AGGRESSIVE;
				CLANG_WARN_UNREACHABLE_CODE = YES;
				CLANG_WARN__DUPLICATE_METHOD_MATCH = YES;
				COPY_PHASE_STRIP = NO;
				DEBUG_INFORMATION_FORMAT = "dwarf-with-dsym";
				ENABLE_NS_ASSERTIONS = NO;
				ENABLE_STRICT_OBJC_MSGSEND = YES;
				ENABLE_USER_SCRIPT_SANDBOXING = YES;
				GCC_C_LANGUAGE_STANDARD = gnu17;
				GCC_NO_COMMON_BLOCKS = YES;
				GCC_WARN_64_TO_32_BIT_CONVERSION = YES;
				GCC_WARN_ABOUT_RETURN_TYPE = YES_ERROR;
				GCC_WARN_UNDECLARED_SELECTOR = YES;
				GCC_WARN_UNINITIALIZED_AUTOS = YES_AGGRESSIVE;
				GCC_WARN_UNUSED_FUNCTION = YES;
				GCC_WARN_UNUSED_VARIABLE = YES;
				LOCALIZATION_PREFERS_STRING_CATALOGS = YES;
				MTL_ENABLE_DEBUG_INFO = NO;
				MTL_FAST_MATH = YES;
				SWIFT_COMPILATION_MODE = wholemodule;
			};
			name = Release;
		};
		EA2817A62C71F9A10043A95D /* Debug */ = {
			isa = XCBuildConfiguration;
			buildSettings = {
				ASSETCATALOG_COMPILER_APPICON_NAME = AppIcon;
				ASSETCATALOG_COMPILER_GLOBAL_ACCENT_COLOR_NAME = AccentColor;
				CODE_SIGN_ENTITLEMENTS = "Environtment-Object-Example/Environtment_Object_Example.entitlements";
				CODE_SIGN_STYLE = Automatic;
				CURRENT_PROJECT_VERSION = 1;
				DEVELOPMENT_ASSET_PATHS = "\"Environtment-Object-Example/Preview Content\"";
				ENABLE_PREVIEWS = YES;
				GENERATE_INFOPLIST_FILE = YES;
				"INFOPLIST_KEY_UIApplicationSceneManifest_Generation[sdk=iphoneos*]" = YES;
				"INFOPLIST_KEY_UIApplicationSceneManifest_Generation[sdk=iphonesimulator*]" = YES;
				"INFOPLIST_KEY_UIApplicationSupportsIndirectInputEvents[sdk=iphoneos*]" = YES;
				"INFOPLIST_KEY_UIApplicationSupportsIndirectInputEvents[sdk=iphonesimulator*]" = YES;
				"INFOPLIST_KEY_UILaunchScreen_Generation[sdk=iphoneos*]" = YES;
				"INFOPLIST_KEY_UILaunchScreen_Generation[sdk=iphonesimulator*]" = YES;
				"INFOPLIST_KEY_UIStatusBarStyle[sdk=iphoneos*]" = UIStatusBarStyleDefault;
				"INFOPLIST_KEY_UIStatusBarStyle[sdk=iphonesimulator*]" = UIStatusBarStyleDefault;
				INFOPLIST_KEY_UISupportedInterfaceOrientations_iPad = "UIInterfaceOrientationPortrait UIInterfaceOrientationPortraitUpsideDown UIInterfaceOrientationLandscapeLeft UIInterfaceOrientationLandscapeRight";
				INFOPLIST_KEY_UISupportedInterfaceOrientations_iPhone = "UIInterfaceOrientationPortrait UIInterfaceOrientationLandscapeLeft UIInterfaceOrientationLandscapeRight";
				IPHONEOS_DEPLOYMENT_TARGET = 17.0;
				LD_RUNPATH_SEARCH_PATHS = "@executable_path/Frameworks";
				"LD_RUNPATH_SEARCH_PATHS[sdk=macosx*]" = "@executable_path/../Frameworks";
				MACOSX_DEPLOYMENT_TARGET = 14.0;
				MARKETING_VERSION = 1.0;
				PRODUCT_BUNDLE_IDENTIFIER = "handleryouth.app.Environtment-Object-Example";
				PRODUCT_NAME = "$(TARGET_NAME)";
				SDKROOT = auto;
				SUPPORTED_PLATFORMS = "iphoneos iphonesimulator macosx";
				SWIFT_EMIT_LOC_STRINGS = YES;
				SWIFT_VERSION = 5.0;
				TARGETED_DEVICE_FAMILY = "1,2";
			};
			name = Debug;
		};
		EA2817A72C71F9A10043A95D /* Release */ = {
			isa = XCBuildConfiguration;
			buildSettings = {
				ASSETCATALOG_COMPILER_APPICON_NAME = AppIcon;
				ASSETCATALOG_COMPILER_GLOBAL_ACCENT_COLOR_NAME = AccentColor;
				CODE_SIGN_ENTITLEMENTS = "Environtment-Object-Example/Environtment_Object_Example.entitlements";
				CODE_SIGN_STYLE = Automatic;
				CURRENT_PROJECT_VERSION = 1;
				DEVELOPMENT_ASSET_PATHS = "\"Environtment-Object-Example/Preview Content\"";
				ENABLE_PREVIEWS = YES;
				GENERATE_INFOPLIST_FILE = YES;
				"INFOPLIST_KEY_UIApplicationSceneManifest_Generation[sdk=iphoneos*]" = YES;
				"INFOPLIST_KEY_UIApplicationSceneManifest_Generation[sdk=iphonesimulator*]" = YES;
				"INFOPLIST_KEY_UIApplicationSupportsIndirectInputEvents[sdk=iphoneos*]" = YES;
				"INFOPLIST_KEY_UIApplicationSupportsIndirectInputEvents[sdk=iphonesimulator*]" = YES;
				"INFOPLIST_KEY_UILaunchScreen_Generation[sdk=iphoneos*]" = YES;
				"INFOPLIST_KEY_UILaunchScreen_Generation[sdk=iphonesimulator*]" = YES;
				"INFOPLIST_KEY_UIStatusBarStyle[sdk=iphoneos*]" = UIStatusBarStyleDefault;
				"INFOPLIST_KEY_UIStatusBarStyle[sdk=iphonesimulator*]" = UIStatusBarStyleDefault;
				INFOPLIST_KEY_UISupportedInterfaceOrientations_iPad = "UIInterfaceOrientationPortrait UIInterfaceOrientationPortraitUpsideDown UIInterfaceOrientationLandscapeLeft UIInterfaceOrientationLandscapeRight";
				INFOPLIST_KEY_UISupportedInterfaceOrientations_iPhone = "UIInterfaceOrientationPortrait UIInterfaceOrientationLandscapeLeft UIInterfaceOrientationLandscapeRight";
				IPHONEOS_DEPLOYMENT_TARGET = 17.0;
				LD_RUNPATH_SEARCH_PATHS = "@executable_path/Frameworks";
				"LD_RUNPATH_SEARCH_PATHS[sdk=macosx*]" = "@executable_path/../Frameworks";
				MACOSX_DEPLOYMENT_TARGET = 14.0;
				MARKETING_VERSION = 1.0;
				PRODUCT_BUNDLE_IDENTIFIER = "handleryouth.app.Environtment-Object-Example";
				PRODUCT_NAME = "$(TARGET_NAME)";
				SDKROOT = auto;
				SUPPORTED_PLATFORMS = "iphoneos iphonesimulator macosx";
				SWIFT_EMIT_LOC_STRINGS = YES;
				SWIFT_VERSION = 5.0;
				TARGETED_DEVICE_FAMILY = "1,2";
			};
			name = Release;
		};
		EA2817A92C71F9A10043A95D /* Debug */ = {
			isa = XCBuildConfiguration;
			buildSettings = {
				ALWAYS_EMBED_SWIFT_STANDARD_LIBRARIES = YES;
				BUNDLE_LOADER = "$(TEST_HOST)";
				CODE_SIGN_STYLE = Automatic;
				CURRENT_PROJECT_VERSION = 1;
				GENERATE_INFOPLIST_FILE = YES;
				IPHONEOS_DEPLOYMENT_TARGET = 17.0;
				MACOSX_DEPLOYMENT_TARGET = 14.0;
				MARKETING_VERSION = 1.0;
				PRODUCT_BUNDLE_IDENTIFIER = "handleryouth.app.Environtment-Object-ExampleTests";
				PRODUCT_NAME = "$(TARGET_NAME)";
				SDKROOT = auto;
				SUPPORTED_PLATFORMS = "iphoneos iphonesimulator macosx";
				SWIFT_EMIT_LOC_STRINGS = NO;
				SWIFT_VERSION = 5.0;
				TARGETED_DEVICE_FAMILY = "1,2";
				TEST_HOST = "$(BUILT_PRODUCTS_DIR)/Environtment-Object-Example.app/$(BUNDLE_EXECUTABLE_FOLDER_PATH)/Environtment-Object-Example";
			};
			name = Debug;
		};
		EA2817AA2C71F9A10043A95D /* Release */ = {
			isa = XCBuildConfiguration;
			buildSettings = {
				ALWAYS_EMBED_SWIFT_STANDARD_LIBRARIES = YES;
				BUNDLE_LOADER = "$(TEST_HOST)";
				CODE_SIGN_STYLE = Automatic;
				CURRENT_PROJECT_VERSION = 1;
				GENERATE_INFOPLIST_FILE = YES;
				IPHONEOS_DEPLOYMENT_TARGET = 17.0;
				MACOSX_DEPLOYMENT_TARGET = 14.0;
				MARKETING_VERSION = 1.0;
				PRODUCT_BUNDLE_IDENTIFIER = "handleryouth.app.Environtment-Object-ExampleTests";
				PRODUCT_NAME = "$(TARGET_NAME)";
				SDKROOT = auto;
				SUPPORTED_PLATFORMS = "iphoneos iphonesimulator macosx";
				SWIFT_EMIT_LOC_STRINGS = NO;
				SWIFT_VERSION = 5.0;
				TARGETED_DEVICE_FAMILY = "1,2";
				TEST_HOST = "$(BUILT_PRODUCTS_DIR)/Environtment-Object-Example.app/$(BUNDLE_EXECUTABLE_FOLDER_PATH)/Environtment-Object-Example";
			};
			name = Release;
		};
		EA2817AC2C71F9A10043A95D /* Debug */ = {
			isa = XCBuildConfiguration;
			buildSettings = {
				ALWAYS_EMBED_SWIFT_STANDARD_LIBRARIES = YES;
				CODE_SIGN_STYLE = Automatic;
				CURRENT_PROJECT_VERSION = 1;
				GENERATE_INFOPLIST_FILE = YES;
				IPHONEOS_DEPLOYMENT_TARGET = 17.0;
				MACOSX_DEPLOYMENT_TARGET = 14.0;
				MARKETING_VERSION = 1.0;
				PRODUCT_BUNDLE_IDENTIFIER = "handleryouth.app.Environtment-Object-ExampleUITests";
				PRODUCT_NAME = "$(TARGET_NAME)";
				SDKROOT = auto;
				SUPPORTED_PLATFORMS = "iphoneos iphonesimulator macosx";
				SWIFT_EMIT_LOC_STRINGS = NO;
				SWIFT_VERSION = 5.0;
				TARGETED_DEVICE_FAMILY = "1,2";
				TEST_TARGET_NAME = "Environtment-Object-Example";
			};
			name = Debug;
		};
		EA2817AD2C71F9A10043A95D /* Release */ = {
			isa = XCBuildConfiguration;
			buildSettings = {
				ALWAYS_EMBED_SWIFT_STANDARD_LIBRARIES = YES;
				CODE_SIGN_STYLE = Automatic;
				CURRENT_PROJECT_VERSION = 1;
				GENERATE_INFOPLIST_FILE = YES;
				IPHONEOS_DEPLOYMENT_TARGET = 17.0;
				MACOSX_DEPLOYMENT_TARGET = 14.0;
				MARKETING_VERSION = 1.0;
				PRODUCT_BUNDLE_IDENTIFIER = "handleryouth.app.Environtment-Object-ExampleUITests";
				PRODUCT_NAME = "$(TARGET_NAME)";
				SDKROOT = auto;
				SUPPORTED_PLATFORMS = "iphoneos iphonesimulator macosx";
				SWIFT_EMIT_LOC_STRINGS = NO;
				SWIFT_VERSION = 5.0;
				TARGETED_DEVICE_FAMILY = "1,2";
				TEST_TARGET_NAME = "Environtment-Object-Example";
			};
			name = Release;
		};
/* End XCBuildConfiguration section */

/* Begin XCConfigurationList section */
		EA2817792C71F99E0043A95D /* Build configuration list for PBXProject "Environtment-Object-Example" */ = {
			isa = XCConfigurationList;
			buildConfigurations = (
				EA2817A32C71F9A10043A95D /* Debug */,
				EA2817A42C71F9A10043A95D /* Release */,
			);
			defaultConfigurationIsVisible = 0;
			defaultConfigurationName = Release;
		};
		EA2817A52C71F9A10043A95D /* Build configuration list for PBXNativeTarget "Environtment-Object-Example" */ = {
			isa = XCConfigurationList;
			buildConfigurations = (
				EA2817A62C71F9A10043A95D /* Debug */,
				EA2817A72C71F9A10043A95D /* Release */,
			);
			defaultConfigurationIsVisible = 0;
			defaultConfigurationName = Release;
		};
		EA2817A82C71F9A10043A95D /* Build configuration list for PBXNativeTarget "Environtment-Object-ExampleTests" */ = {
			isa = XCConfigurationList;
			buildConfigurations = (
				EA2817A92C71F9A10043A95D /* Debug */,
				EA2817AA2C71F9A10043A95D /* Release */,
			);
			defaultConfigurationIsVisible = 0;
			defaultConfigurationName = Release;
		};
		EA2817AB2C71F9A10043A95D /* Build configuration list for PBXNativeTarget "Environtment-Object-ExampleUITests" */ = {
			isa = XCConfigurationList;
			buildConfigurations = (
				EA2817AC2C71F9A10043A95D /* Debug */,
				EA2817AD2C71F9A10043A95D /* Release */,
			);
			defaultConfigurationIsVisible = 0;
			defaultConfigurationName = Release;
		};
/* End XCConfigurationList section */
	};
	rootObject = EA2817762C71F99E0043A95D /* Project object */;
}
